// !$*UTF8*$!
{
	archiveVersion = 1;
	classes = {
	};
	objectVersion = 50;
	objects = {

/* Begin PBXBuildFile section */
		EDDE6FCF2288FF2E006427C0 /* NSObject+LBKVO.m in Sources */ = {isa = PBXBuildFile; fileRef = EDDE6FCE2288FF2E006427C0 /* NSObject+LBKVO.m */; };
		EDDE6FD5228BD553006427C0 /* dddd.m in Sources */ = {isa = PBXBuildFile; fileRef = EDDE6FD4228BD553006427C0 /* dddd.m */; };
		EDEABF3722826641005444CB /* AppDelegate.m in Sources */ = {isa = PBXBuildFile; fileRef = EDEABF3622826641005444CB /* AppDelegate.m */; };
		EDEABF3A22826641005444CB /* ViewController.m in Sources */ = {isa = PBXBuildFile; fileRef = EDEABF3922826641005444CB /* ViewController.m */; };
		EDEABF3D22826641005444CB /* Main.storyboard in Resources */ = {isa = PBXBuildFile; fileRef = EDEABF3B22826641005444CB /* Main.storyboard */; };
		EDEABF3F22826642005444CB /* Assets.xcassets in Resources */ = {isa = PBXBuildFile; fileRef = EDEABF3E22826642005444CB /* Assets.xcassets */; };
		EDEABF4222826642005444CB /* LaunchScreen.storyboard in Resources */ = {isa = PBXBuildFile; fileRef = EDEABF4022826642005444CB /* LaunchScreen.storyboard */; };
		EDEABF4522826642005444CB /* main.m in Sources */ = {isa = PBXBuildFile; fileRef = EDEABF4422826642005444CB /* main.m */; };
		EDEABF4F22826642005444CB /* demoTests.m in Sources */ = {isa = PBXBuildFile; fileRef = EDEABF4E22826642005444CB /* demoTests.m */; };
		EDEABF5A22826642005444CB /* demoUITests.m in Sources */ = {isa = PBXBuildFile; fileRef = EDEABF5922826642005444CB /* demoUITests.m */; };
/* End PBXBuildFile section */

/* Begin PBXContainerItemProxy section */
		EDEABF4B22826642005444CB /* PBXContainerItemProxy */ = {
			isa = PBXContainerItemProxy;
			containerPortal = EDEABF2A22826641005444CB /* Project object */;
			proxyType = 1;
			remoteGlobalIDString = EDEABF3122826641005444CB;
			remoteInfo = demo;
		};
		EDEABF5622826642005444CB /* PBXContainerItemProxy */ = {
			isa = PBXContainerItemProxy;
			containerPortal = EDEABF2A22826641005444CB /* Project object */;
			proxyType = 1;
			remoteGlobalIDString = EDEABF3122826641005444CB;
			remoteInfo = demo;
		};
/* End PBXContainerItemProxy section */

/* Begin PBXFileReference section */
		EDDE6FCD2288FF2E006427C0 /* NSObject+LBKVO.h */ = {isa = PBXFileReference; lastKnownFileType = sourcecode.c.h; path = "NSObject+LBKVO.h"; sourceTree = "<group>"; };
		EDDE6FCE2288FF2E006427C0 /* NSObject+LBKVO.m */ = {isa = PBXFileReference; lastKnownFileType = sourcecode.c.objc; path = "NSObject+LBKVO.m"; sourceTree = "<group>"; };
		EDDE6FD3228BD553006427C0 /* dddd.h */ = {isa = PBXFileReference; lastKnownFileType = sourcecode.c.h; path = dddd.h; sourceTree = "<group>"; };
		EDDE6FD4228BD553006427C0 /* dddd.m */ = {isa = PBXFileReference; lastKnownFileType = sourcecode.c.objc; path = dddd.m; sourceTree = "<group>"; };
		EDEABF3222826641005444CB /* demo.app */ = {isa = PBXFileReference; explicitFileType = wrapper.application; includeInIndex = 0; path = demo.app; sourceTree = BUILT_PRODUCTS_DIR; };
		EDEABF3522826641005444CB /* AppDelegate.h */ = {isa = PBXFileReference; lastKnownFileType = sourcecode.c.h; path = AppDelegate.h; sourceTree = "<group>"; };
		EDEABF3622826641005444CB /* AppDelegate.m */ = {isa = PBXFileReference; lastKnownFileType = sourcecode.c.objc; path = AppDelegate.m; sourceTree = "<group>"; };
		EDEABF3822826641005444CB /* ViewController.h */ = {isa = PBXFileReference; lastKnownFileType = sourcecode.c.h; path = ViewController.h; sourceTree = "<group>"; };
		EDEABF3922826641005444CB /* ViewController.m */ = {isa = PBXFileReference; lastKnownFileType = sourcecode.c.objc; path = ViewController.m; sourceTree = "<group>"; };
		EDEABF3C22826641005444CB /* Base */ = {isa = PBXFileReference; lastKnownFileType = file.storyboard; name = Base; path = Base.lproj/Main.storyboard; sourceTree = "<group>"; };
		EDEABF3E22826642005444CB /* Assets.xcassets */ = {isa = PBXFileReference; lastKnownFileType = folder.assetcatalog; path = Assets.xcassets; sourceTree = "<group>"; };
		EDEABF4122826642005444CB /* Base */ = {isa = PBXFileReference; lastKnownFileType = file.storyboard; name = Base; path = Base.lproj/LaunchScreen.storyboard; sourceTree = "<group>"; };
		EDEABF4322826642005444CB /* Info.plist */ = {isa = PBXFileReference; lastKnownFileType = text.plist.xml; path = Info.plist; sourceTree = "<group>"; };
		EDEABF4422826642005444CB /* main.m */ = {isa = PBXFileReference; lastKnownFileType = sourcecode.c.objc; path = main.m; sourceTree = "<group>"; };
		EDEABF4A22826642005444CB /* demoTests.xctest */ = {isa = PBXFileReference; explicitFileType = wrapper.cfbundle; includeInIndex = 0; path = demoTests.xctest; sourceTree = BUILT_PRODUCTS_DIR; };
		EDEABF4E22826642005444CB /* demoTests.m */ = {isa = PBXFileReference; lastKnownFileType = sourcecode.c.objc; path = demoTests.m; sourceTree = "<group>"; };
		EDEABF5022826642005444CB /* Info.plist */ = {isa = PBXFileReference; lastKnownFileType = text.plist.xml; path = Info.plist; sourceTree = "<group>"; };
		EDEABF5522826642005444CB /* demoUITests.xctest */ = {isa = PBXFileReference; explicitFileType = wrapper.cfbundle; includeInIndex = 0; path = demoUITests.xctest; sourceTree = BUILT_PRODUCTS_DIR; };
		EDEABF5922826642005444CB /* demoUITests.m */ = {isa = PBXFileReference; lastKnownFileType = sourcecode.c.objc; path = demoUITests.m; sourceTree = "<group>"; };
		EDEABF5B22826642005444CB /* Info.plist */ = {isa = PBXFileReference; lastKnownFileType = text.plist.xml; path = Info.plist; sourceTree = "<group>"; };
/* End PBXFileReference section */

/* Begin PBXFrameworksBuildPhase section */
		EDEABF2F22826641005444CB /* Frameworks */ = {
			isa = PBXFrameworksBuildPhase;
			buildActionMask = 2147483647;
			files = (
			);
			runOnlyForDeploymentPostprocessing = 0;
		};
		EDEABF4722826642005444CB /* Frameworks */ = {
			isa = PBXFrameworksBuildPhase;
			buildActionMask = 2147483647;
			files = (
			);
			runOnlyForDeploymentPostprocessing = 0;
		};
		EDEABF5222826642005444CB /* Frameworks */ = {
			isa = PBXFrameworksBuildPhase;
			buildActionMask = 2147483647;
			files = (
			);
			runOnlyForDeploymentPostprocessing = 0;
		};
/* End PBXFrameworksBuildPhase section */

/* Begin PBXGroup section */
		EDDE6FCC2288FEFA006427C0 /* CustomKVO */ = {
			isa = PBXGroup;
			children = (
				EDDE6FCD2288FF2E006427C0 /* NSObject+LBKVO.h */,
				EDDE6FCE2288FF2E006427C0 /* NSObject+LBKVO.m */,
			);
			path = CustomKVO;
			sourceTree = "<group>";
		};
		EDEABF2922826641005444CB = {
			isa = PBXGroup;
			children = (
				EDEABF3422826641005444CB /* demo */,
				EDEABF4D22826642005444CB /* demoTests */,
				EDEABF5822826642005444CB /* demoUITests */,
				EDEABF3322826641005444CB /* Products */,
			);
			sourceTree = "<group>";
		};
		EDEABF3322826641005444CB /* Products */ = {
			isa = PBXGroup;
			children = (
				EDEABF3222826641005444CB /* demo.app */,
				EDEABF4A22826642005444CB /* demoTests.xctest */,
				EDEABF5522826642005444CB /* demoUITests.xctest */,
			);
			name = Products;
			sourceTree = "<group>";
		};
		EDEABF3422826641005444CB /* demo */ = {
			isa = PBXGroup;
			children = (
				EDDE6FCC2288FEFA006427C0 /* CustomKVO */,
				EDEABF3522826641005444CB /* AppDelegate.h */,
				EDEABF3622826641005444CB /* AppDelegate.m */,
				EDEABF3822826641005444CB /* ViewController.h */,
				EDEABF3922826641005444CB /* ViewController.m */,
				EDEABF3B22826641005444CB /* Main.storyboard */,
				EDEABF3E22826642005444CB /* Assets.xcassets */,
				EDEABF4022826642005444CB /* LaunchScreen.storyboard */,
				EDEABF4322826642005444CB /* Info.plist */,
				EDEABF4422826642005444CB /* main.m */,
				EDDE6FD3228BD553006427C0 /* dddd.h */,
				EDDE6FD4228BD553006427C0 /* dddd.m */,
			);
			path = demo;
			sourceTree = "<group>";
		};
		EDEABF4D22826642005444CB /* demoTests */ = {
			isa = PBXGroup;
			children = (
				EDEABF4E22826642005444CB /* demoTests.m */,
				EDEABF5022826642005444CB /* Info.plist */,
			);
			path = demoTests;
			sourceTree = "<group>";
		};
		EDEABF5822826642005444CB /* demoUITests */ = {
			isa = PBXGroup;
			children = (
				EDEABF5922826642005444CB /* demoUITests.m */,
				EDEABF5B22826642005444CB /* Info.plist */,
			);
			path = demoUITests;
			sourceTree = "<group>";
		};
/* End PBXGroup section */

/* Begin PBXNativeTarget section */
		EDEABF3122826641005444CB /* demo */ = {
			isa = PBXNativeTarget;
			buildConfigurationList = EDEABF5E22826642005444CB /* Build configuration list for PBXNativeTarget "demo" */;
			buildPhases = (
				EDEABF2E22826641005444CB /* Sources */,
				EDEABF2F22826641005444CB /* Frameworks */,
				EDEABF3022826641005444CB /* Resources */,
			);
			buildRules = (
			);
			dependencies = (
			);
			name = demo;
			productName = demo;
			productReference = EDEABF3222826641005444CB /* demo.app */;
			productType = "com.apple.product-type.application";
		};
		EDEABF4922826642005444CB /* demoTests */ = {
			isa = PBXNativeTarget;
			buildConfigurationList = EDEABF6122826642005444CB /* Build configuration list for PBXNativeTarget "demoTests" */;
			buildPhases = (
				EDEABF4622826642005444CB /* Sources */,
				EDEABF4722826642005444CB /* Frameworks */,
				EDEABF4822826642005444CB /* Resources */,
			);
			buildRules = (
			);
			dependencies = (
				EDEABF4C22826642005444CB /* PBXTargetDependency */,
			);
			name = demoTests;
			productName = demoTests;
			productReference = EDEABF4A22826642005444CB /* demoTests.xctest */;
			productType = "com.apple.product-type.bundle.unit-test";
		};
		EDEABF5422826642005444CB /* demoUITests */ = {
			isa = PBXNativeTarget;
			buildConfigurationList = EDEABF6422826642005444CB /* Build configuration list for PBXNativeTarget "demoUITests" */;
			buildPhases = (
				EDEABF5122826642005444CB /* Sources */,
				EDEABF5222826642005444CB /* Frameworks */,
				EDEABF5322826642005444CB /* Resources */,
			);
			buildRules = (
			);
			dependencies = (
				EDEABF5722826642005444CB /* PBXTargetDependency */,
			);
			name = demoUITests;
			productName = demoUITests;
			productReference = EDEABF5522826642005444CB /* demoUITests.xctest */;
			productType = "com.apple.product-type.bundle.ui-testing";
		};
/* End PBXNativeTarget section */

/* Begin PBXProject section */
		EDEABF2A22826641005444CB /* Project object */ = {
			isa = PBXProject;
			attributes = {
				LastUpgradeCheck = 1010;
				ORGANIZATIONNAME = "李兵";
				TargetAttributes = {
					EDEABF3122826641005444CB = {
						CreatedOnToolsVersion = 10.1;
					};
					EDEABF4922826642005444CB = {
						CreatedOnToolsVersion = 10.1;
						TestTargetID = EDEABF3122826641005444CB;
					};
					EDEABF5422826642005444CB = {
						CreatedOnToolsVersion = 10.1;
						TestTargetID = EDEABF3122826641005444CB;
					};
				};
			};
			buildConfigurationList = EDEABF2D22826641005444CB /* Build configuration list for PBXProject "demo" */;
			compatibilityVersion = "Xcode 9.3";
			developmentRegion = en;
			hasScannedForEncodings = 0;
			knownRegions = (
				en,
				Base,
			);
			mainGroup = EDEABF2922826641005444CB;
			productRefGroup = EDEABF3322826641005444CB /* Products */;
			projectDirPath = "";
			projectRoot = "";
			targets = (
				EDEABF3122826641005444CB /* demo */,
				EDEABF4922826642005444CB /* demoTests */,
				EDEABF5422826642005444CB /* demoUITests */,
			);
		};
/* End PBXProject section */

/* Begin PBXResourcesBuildPhase section */
		EDEABF3022826641005444CB /* Resources */ = {
			isa = PBXResourcesBuildPhase;
			buildActionMask = 2147483647;
			files = (
				EDEABF4222826642005444CB /* LaunchScreen.storyboard in Resources */,
				EDEABF3F22826642005444CB /* Assets.xcassets in Resources */,
				EDEABF3D22826641005444CB /* Main.storyboard in Resources */,
			);
			runOnlyForDeploymentPostprocessing = 0;
		};
		EDEABF4822826642005444CB /* Resources */ = {
			isa = PBXResourcesBuildPhase;
			buildActionMask = 2147483647;
			files = (
			);
			runOnlyForDeploymentPostprocessing = 0;
		};
		EDEABF5322826642005444CB /* Resources */ = {
			isa = PBXResourcesBuildPhase;
			buildActionMask = 2147483647;
			files = (
			);
			runOnlyForDeploymentPostprocessing = 0;
		};
/* End PBXResourcesBuildPhase section */

/* Begin PBXSourcesBuildPhase section */
		EDEABF2E22826641005444CB /* Sources */ = {
			isa = PBXSourcesBuildPhase;
			buildActionMask = 2147483647;
			files = (
				EDDE6FD5228BD553006427C0 /* dddd.m in Sources */,
				EDDE6FCF2288FF2E006427C0 /* NSObject+LBKVO.m in Sources */,
				EDEABF3A22826641005444CB /* ViewController.m in Sources */,
				EDEABF4522826642005444CB /* main.m in Sources */,
				EDEABF3722826641005444CB /* AppDelegate.m in Sources */,
			);
			runOnlyForDeploymentPostprocessing = 0;
		};
		EDEABF4622826642005444CB /* Sources */ = {
			isa = PBXSourcesBuildPhase;
			buildActionMask = 2147483647;
			files = (
				EDEABF4F22826642005444CB /* demoTests.m in Sources */,
			);
			runOnlyForDeploymentPostprocessing = 0;
		};
		EDEABF5122826642005444CB /* Sources */ = {
			isa = PBXSourcesBuildPhase;
			buildActionMask = 2147483647;
			files = (
				EDEABF5A22826642005444CB /* demoUITests.m in Sources */,
			);
			runOnlyForDeploymentPostprocessing = 0;
		};
/* End PBXSourcesBuildPhase section */

/* Begin PBXTargetDependency section */
		EDEABF4C22826642005444CB /* PBXTargetDependency */ = {
			isa = PBXTargetDependency;
			target = EDEABF3122826641005444CB /* demo */;
			targetProxy = EDEABF4B22826642005444CB /* PBXContainerItemProxy */;
		};
		EDEABF5722826642005444CB /* PBXTargetDependency */ = {
			isa = PBXTargetDependency;
			target = EDEABF3122826641005444CB /* demo */;
			targetProxy = EDEABF5622826642005444CB /* PBXContainerItemProxy */;
		};
/* End PBXTargetDependency section */

/* Begin PBXVariantGroup section */
		EDEABF3B22826641005444CB /* Main.storyboard */ = {
			isa = PBXVariantGroup;
			children = (
				EDEABF3C22826641005444CB /* Base */,
			);
			name = Main.storyboard;
			sourceTree = "<group>";
		};
		EDEABF4022826642005444CB /* LaunchScreen.storyboard */ = {
			isa = PBXVariantGroup;
			children = (
				EDEABF4122826642005444CB /* Base */,
			);
			name = LaunchScreen.storyboard;
			sourceTree = "<group>";
		};
/* End PBXVariantGroup section */

/* Begin XCBuildConfiguration section */
		EDEABF5C22826642005444CB /* Debug */ = {
			isa = XCBuildConfiguration;
			buildSettings = {
				ALWAYS_SEARCH_USER_PATHS = NO;
				CLANG_ANALYZER_NONNULL = YES;
				CLANG_ANALYZER_NUMBER_OBJECT_CONVERSION = YES_AGGRESSIVE;
				CLANG_CXX_LANGUAGE_STANDARD = "gnu++14";
				CLANG_CXX_LIBRARY = "libc++";
				CLANG_ENABLE_MODULES = YES;
				CLANG_ENABLE_OBJC_ARC = YES;
				CLANG_ENABLE_OBJC_WEAK = YES;
				CLANG_WARN_BLOCK_CAPTURE_AUTORELEASING = YES;
				CLANG_WARN_BOOL_CONVERSION = YES;
				CLANG_WARN_COMMA = YES;
				CLANG_WARN_CONSTANT_CONVERSION = YES;
				CLANG_WARN_DEPRECATED_OBJC_IMPLEMENTATIONS = YES;
				CLANG_WARN_DIRECT_OBJC_ISA_USAGE = YES_ERROR;
				CLANG_WARN_DOCUMENTATION_COMMENTS = YES;
				CLANG_WARN_EMPTY_BODY = YES;
				CLANG_WARN_ENUM_CONVERSION = YES;
				CLANG_WARN_INFINITE_RECURSION = YES;
				CLANG_WARN_INT_CONVERSION = YES;
				CLANG_WARN_NON_LITERAL_NULL_CONVERSION = YES;
				CLANG_WARN_OBJC_IMPLICIT_RETAIN_SELF = YES;
				CLANG_WARN_OBJC_LITERAL_CONVERSION = YES;
				CLANG_WARN_OBJC_ROOT_CLASS = YES_ERROR;
				CLANG_WARN_RANGE_LOOP_ANALYSIS = YES;
				CLANG_WARN_STRICT_PROTOTYPES = YES;
				CLANG_WARN_SUSPICIOUS_MOVE = YES;
				CLANG_WARN_UNGUARDED_AVAILABILITY = YES_AGGRESSIVE;
				CLANG_WARN_UNREACHABLE_CODE = YES;
				CLANG_WARN__DUPLICATE_METHOD_MATCH = YES;
				CODE_SIGN_IDENTITY = "iPhone Developer";
				COPY_PHASE_STRIP = NO;
				DEBUG_INFORMATION_FORMAT = dwarf;
				ENABLE_STRICT_OBJC_MSGSEND = YES;
				ENABLE_TESTABILITY = YES;
				GCC_C_LANGUAGE_STANDARD = gnu11;
				GCC_DYNAMIC_NO_PIC = NO;
				GCC_NO_COMMON_BLOCKS = YES;
				GCC_OPTIMIZATION_LEVEL = 0;
				GCC_PREPROCESSOR_DEFINITIONS = (
					"DEBUG=1",
					"$(inherited)",
				);
				GCC_WARN_64_TO_32_BIT_CONVERSION = YES;
				GCC_WARN_ABOUT_RETURN_TYPE = YES_ERROR;
				GCC_WARN_UNDECLARED_SELECTOR = YES;
				GCC_WARN_UNINITIALIZED_AUTOS = YES_AGGRESSIVE;
				GCC_WARN_UNUSED_FUNCTION = YES;
				GCC_WARN_UNUSED_VARIABLE = YES;
				IPHONEOS_DEPLOYMENT_TARGET = 12.1;
				MTL_ENABLE_DEBUG_INFO = INCLUDE_SOURCE;
				MTL_FAST_MATH = YES;
				ONLY_ACTIVE_ARCH = YES;
				SDKROOT = iphoneos;
			};
			name = Debug;
		};
		EDEABF5D22826642005444CB /* Release */ = {
			isa = XCBuildConfiguration;
			buildSettings = {
				ALWAYS_SEARCH_USER_PATHS = NO;
				CLANG_ANALYZER_NONNULL = YES;
				CLANG_ANALYZER_NUMBER_OBJECT_CONVERSION = YES_AGGRESSIVE;
				CLANG_CXX_LANGUAGE_STANDARD = "gnu++14";
				CLANG_CXX_LIBRARY = "libc++";
				CLANG_ENABLE_MODULES = YES;
				CLANG_ENABLE_OBJC_ARC = YES;
				CLANG_ENABLE_OBJC_WEAK = YES;
				CLANG_WARN_BLOCK_CAPTURE_AUTORELEASING = YES;
				CLANG_WARN_BOOL_CONVERSION = YES;
				CLANG_WARN_COMMA = YES;
				CLANG_WARN_CONSTANT_CONVERSION = YES;
				CLANG_WARN_DEPRECATED_OBJC_IMPLEMENTATIONS = YES;
				CLANG_WARN_DIRECT_OBJC_ISA_USAGE = YES_ERROR;
				CLANG_WARN_DOCUMENTATION_COMMENTS = YES;
				CLANG_WARN_EMPTY_BODY = YES;
				CLANG_WARN_ENUM_CONVERSION = YES;
				CLANG_WARN_INFINITE_RECURSION = YES;
				CLANG_WARN_INT_CONVERSION = YES;
				CLANG_WARN_NON_LITERAL_NULL_CONVERSION = YES;
				CLANG_WARN_OBJC_IMPLICIT_RETAIN_SELF = YES;
				CLANG_WARN_OBJC_LITERAL_CONVERSION = YES;
				CLANG_WARN_OBJC_ROOT_CLASS = YES_ERROR;
				CLANG_WARN_RANGE_LOOP_ANALYSIS = YES;
				CLANG_WARN_STRICT_PROTOTYPES = YES;
				CLANG_WARN_SUSPICIOUS_MOVE = YES;
				CLANG_WARN_UNGUARDED_AVAILABILITY = YES_AGGRESSIVE;
				CLANG_WARN_UNREACHABLE_CODE = YES;
				CLANG_WARN__DUPLICATE_METHOD_MATCH = YES;
				CODE_SIGN_IDENTITY = "iPhone Developer";
				COPY_PHASE_STRIP = NO;
				DEBUG_INFORMATION_FORMAT = "dwarf-with-dsym";
				ENABLE_NS_ASSERTIONS = NO;
				ENABLE_STRICT_OBJC_MSGSEND = YES;
				GCC_C_LANGUAGE_STANDARD = gnu11;
				GCC_NO_COMMON_BLOCKS = YES;
				GCC_WARN_64_TO_32_BIT_CONVERSION = YES;
				GCC_WARN_ABOUT_RETURN_TYPE = YES_ERROR;
				GCC_WARN_UNDECLARED_SELECTOR = YES;
				GCC_WARN_UNINITIALIZED_AUTOS = YES_AGGRESSIVE;
				GCC_WARN_UNUSED_FUNCTION = YES;
				GCC_WARN_UNUSED_VARIABLE = YES;
				IPHONEOS_DEPLOYMENT_TARGET = 12.1;
				MTL_ENABLE_DEBUG_INFO = NO;
				MTL_FAST_MATH = YES;
				SDKROOT = iphoneos;
				VALIDATE_PRODUCT = YES;
			};
			name = Release;
		};
		EDEABF5F22826642005444CB /* Debug */ = {
			isa = XCBuildConfiguration;
			buildSettings = {
				ASSETCATALOG_COMPILER_APPICON_NAME = AppIcon;
				CODE_SIGN_STYLE = Automatic;
				INFOPLIST_FILE = demo/Info.plist;
				LD_RUNPATH_SEARCH_PATHS = (
					"$(inherited)",
					"@executable_path/Frameworks",
				);
				PRODUCT_BUNDLE_IDENTIFIER = cn.1hai.Demo.demo;
				PRODUCT_NAME = "$(TARGET_NAME)";
				TARGETED_DEVICE_FAMILY = "1,2";
			};
			name = Debug;
		};
		EDEABF6022826642005444CB /* Release */ = {
			isa = XCBuildConfiguration;
			buildSettings = {
				ASSETCATALOG_COMPILER_APPICON_NAME = AppIcon;
				CODE_SIGN_STYLE = Automatic;
				INFOPLIST_FILE = demo/Info.plist;
				LD_RUNPATH_SEARCH_PATHS = (
					"$(inherited)",
					"@executable_path/Frameworks",
				);
				PRODUCT_BUNDLE_IDENTIFIER = cn.1hai.Demo.demo;
				PRODUCT_NAME = "$(TARGET_NAME)";
				TARGETED_DEVICE_FAMILY = "1,2";
			};
			name = Release;
		};
		EDEABF6222826642005444CB /* Debug */ = {
			isa = XCBuildConfiguration;
			buildSettings = {
				BUNDLE_LOADER = "$(TEST_HOST)";
				CODE_SIGN_STYLE = Automatic;
				INFOPLIST_FILE = demoTests/Info.plist;
				LD_RUNPATH_SEARCH_PATHS = (
					"$(inherited)",
					"@executable_path/Frameworks",
					"@loader_path/Frameworks",
				);
				PRODUCT_BUNDLE_IDENTIFIER = cn.1hai.Demo.demoTests;
				PRODUCT_NAME = "$(TARGET_NAME)";
				TARGETED_DEVICE_FAMILY = "1,2";
				TEST_HOST = "$(BUILT_PRODUCTS_DIR)/demo.app/demo";
			};
			name = Debug;
		};
		EDEABF6322826642005444CB /* Release */ = {
			isa = XCBuildConfiguration;
			buildSettings = {
				BUNDLE_LOADER = "$(TEST_HOST)";
				CODE_SIGN_STYLE = Automatic;
				INFOPLIST_FILE = demoTests/Info.plist;
				LD_RUNPATH_SEARCH_PATHS = (
					"$(inherited)",
					"@executable_path/Frameworks",
					"@loader_path/Frameworks",
				);
				PRODUCT_BUNDLE_IDENTIFIER = cn.1hai.Demo.demoTests;
				PRODUCT_NAME = "$(TARGET_NAME)";
				TARGETED_DEVICE_FAMILY = "1,2";
				TEST_HOST = "$(BUILT_PRODUCTS_DIR)/demo.app/demo";
			};
			name = Release;
		};
		EDEABF6522826642005444CB /* Debug */ = {
			isa = XCBuildConfiguration;
			buildSettings = {
				CODE_SIGN_STYLE = Automatic;
				INFOPLIST_FILE = demoUITests/Info.plist;
				LD_RUNPATH_SEARCH_PATHS = (
					"$(inherited)",
					"@executable_path/Frameworks",
					"@loader_path/Frameworks",
				);
				PRODUCT_BUNDLE_IDENTIFIER = cn.1hai.Demo.demoUITests;
				PRODUCT_NAME = "$(TARGET_NAME)";
				TARGETED_DEVICE_FAMILY = "1,2";
				TEST_TARGET_NAME = demo;
			};
			name = Debug;
		};
		EDEABF6622826642005444CB /* Release */ = {
			isa = XCBuildConfiguration;
			buildSettings = {
				CODE_SIGN_STYLE = Automatic;
				INFOPLIST_FILE = demoUITests/Info.plist;
				LD_RUNPATH_SEARCH_PATHS = (
					"$(inherited)",
					"@executable_path/Frameworks",
					"@loader_path/Frameworks",
				);
				PRODUCT_BUNDLE_IDENTIFIER = cn.1hai.Demo.demoUITests;
				PRODUCT_NAME = "$(TARGET_NAME)";
				TARGETED_DEVICE_FAMILY = "1,2";
				TEST_TARGET_NAME = demo;
			};
			name = Release;
		};
/* End XCBuildConfiguration section */

/* Begin XCConfigurationList section */
		EDEABF2D22826641005444CB /* Build configuration list for PBXProject "demo" */ = {
			isa = XCConfigurationList;
			buildConfigurations = (
				EDEABF5C22826642005444CB /* Debug */,
				EDEABF5D22826642005444CB /* Release */,
			);
			defaultConfigurationIsVisible = 0;
			defaultConfigurationName = Release;
		};
		EDEABF5E22826642005444CB /* Build configuration list for PBXNativeTarget "demo" */ = {
			isa = XCConfigurationList;
			buildConfigurations = (
				EDEABF5F22826642005444CB /* Debug */,
				EDEABF6022826642005444CB /* Release */,
			);
			defaultConfigurationIsVisible = 0;
			defaultConfigurationName = Release;
		};
		EDEABF6122826642005444CB /* Build configuration list for PBXNativeTarget "demoTests" */ = {
			isa = XCConfigurationList;
			buildConfigurations = (
				EDEABF6222826642005444CB /* Debug */,
				EDEABF6322826642005444CB /* Release */,
			);
			defaultConfigurationIsVisible = 0;
			defaultConfigurationName = Release;
		};
		EDEABF6422826642005444CB /* Build configuration list for PBXNativeTarget "demoUITests" */ = {
			isa = XCConfigurationList;
			buildConfigurations = (
				EDEABF6522826642005444CB /* Debug */,
				EDEABF6622826642005444CB /* Release */,
			);
			defaultConfigurationIsVisible = 0;
			defaultConfigurationName = Release;
		};
/* End XCConfigurationList section */
	};
	rootObject = EDEABF2A22826641005444CB /* Project object */;
}
